// !$*UTF8*$!
{
	archiveVersion = 1;
	classes = {
	};
	objectVersion = 77;
	objects = {

/* Begin PBXContainerItemProxy section */
		3795E68A2C9AFEFB00E1089A /* PBXContainerItemProxy */ = {
			isa = PBXContainerItemProxy;
			containerPortal = 3795E6682C9AFEF900E1089A /* Project object */;
			proxyType = 1;
			remoteGlobalIDString = 3795E66F2C9AFEF900E1089A;
			remoteInfo = gradesProjectMickle;
		};
		3795E6942C9AFEFB00E1089A /* PBXContainerItemProxy */ = {
			isa = PBXContainerItemProxy;
			containerPortal = 3795E6682C9AFEF900E1089A /* Project object */;
			proxyType = 1;
			remoteGlobalIDString = 3795E66F2C9AFEF900E1089A;
			remoteInfo = gradesProjectMickle;
		};
/* End PBXContainerItemProxy section */

/* Begin PBXFileReference section */
		3795E6702C9AFEF900E1089A /* gradesProjectMickle.app */ = {isa = PBXFileReference; explicitFileType = wrapper.application; includeInIndex = 0; path = gradesProjectMickle.app; sourceTree = BUILT_PRODUCTS_DIR; };
		3795E6892C9AFEFB00E1089A /* gradesProjectMickleTests.xctest */ = {isa = PBXFileReference; explicitFileType = wrapper.cfbundle; includeInIndex = 0; path = gradesProjectMickleTests.xctest; sourceTree = BUILT_PRODUCTS_DIR; };
		3795E6932C9AFEFB00E1089A /* gradesProjectMickleUITests.xctest */ = {isa = PBXFileReference; explicitFileType = wrapper.cfbundle; includeInIndex = 0; path = gradesProjectMickleUITests.xctest; sourceTree = BUILT_PRODUCTS_DIR; };
/* End PBXFileReference section */

/* Begin PBXFileSystemSynchronizedBuildFileExceptionSet section */
		3795E69B2C9AFEFB00E1089A /* Exceptions for "gradesProjectMickle" folder in "gradesProjectMickle" target */ = {
			isa = PBXFileSystemSynchronizedBuildFileExceptionSet;
			membershipExceptions = (
				Info.plist,
			);
			target = 3795E66F2C9AFEF900E1089A /* gradesProjectMickle */;
		};
/* End PBXFileSystemSynchronizedBuildFileExceptionSet section */

/* Begin PBXFileSystemSynchronizedRootGroup section */
		3795E6722C9AFEF900E1089A /* gradesProjectMickle */ = {
			isa = PBXFileSystemSynchronizedRootGroup;
			exceptions = (
				3795E69B2C9AFEFB00E1089A /* Exceptions for "gradesProjectMickle" folder in "gradesProjectMickle" target */,
			);
			path = gradesProjectMickle;
			sourceTree = "<group>";
		};
		3795E68C2C9AFEFB00E1089A /* gradesProjectMickleTests */ = {
			isa = PBXFileSystemSynchronizedRootGroup;
			path = gradesProjectMickleTests;
			sourceTree = "<group>";
		};
		3795E6962C9AFEFB00E1089A /* gradesProjectMickleUITests */ = {
			isa = PBXFileSystemSynchronizedRootGroup;
			path = gradesProjectMickleUITests;
			sourceTree = "<group>";
		};
/* End PBXFileSystemSynchronizedRootGroup section */

/* Begin PBXFrameworksBuildPhase section */
		3795E66D2C9AFEF900E1089A /* Frameworks */ = {
			isa = PBXFrameworksBuildPhase;
			buildActionMask = 2147483647;
			files = (
			);
			runOnlyForDeploymentPostprocessing = 0;
		};
		3795E6862C9AFEFB00E1089A /* Frameworks */ = {
			isa = PBXFrameworksBuildPhase;
			buildActionMask = 2147483647;
			files = (
			);
			runOnlyForDeploymentPostprocessing = 0;
		};
		3795E6902C9AFEFB00E1089A /* Frameworks */ = {
			isa = PBXFrameworksBuildPhase;
			buildActionMask = 2147483647;
			files = (
			);
			runOnlyForDeploymentPostprocessing = 0;
		};
/* End PBXFrameworksBuildPhase section */

/* Begin PBXGroup section */
		3795E6672C9AFEF900E1089A = {
			isa = PBXGroup;
			children = (
				3795E6722C9AFEF900E1089A /* gradesProjectMickle */,
				3795E68C2C9AFEFB00E1089A /* gradesProjectMickleTests */,
				3795E6962C9AFEFB00E1089A /* gradesProjectMickleUITests */,
				3795E6712C9AFEF900E1089A /* Products */,
			);
			sourceTree = "<group>";
		};
		3795E6712C9AFEF900E1089A /* Products */ = {
			isa = PBXGroup;
			children = (
				3795E6702C9AFEF900E1089A /* gradesProjectMickle.app */,
				3795E6892C9AFEFB00E1089A /* gradesProjectMickleTests.xctest */,
				3795E6932C9AFEFB00E1089A /* gradesProjectMickleUITests.xctest */,
			);
			name = Products;
			sourceTree = "<group>";
		};
/* End PBXGroup section */

/* Begin PBXNativeTarget section */
		3795E66F2C9AFEF900E1089A /* gradesProjectMickle */ = {
			isa = PBXNativeTarget;
			buildConfigurationList = 3795E69C2C9AFEFB00E1089A /* Build configuration list for PBXNativeTarget "gradesProjectMickle" */;
			buildPhases = (
				3795E66C2C9AFEF900E1089A /* Sources */,
				3795E66D2C9AFEF900E1089A /* Frameworks */,
				3795E66E2C9AFEF900E1089A /* Resources */,
			);
			buildRules = (
			);
			dependencies = (
			);
			fileSystemSynchronizedGroups = (
				3795E6722C9AFEF900E1089A /* gradesProjectMickle */,
			);
			name = gradesProjectMickle;
			packageProductDependencies = (
			);
			productName = gradesProjectMickle;
			productReference = 3795E6702C9AFEF900E1089A /* gradesProjectMickle.app */;
			productType = "com.apple.product-type.application";
		};
		3795E6882C9AFEFB00E1089A /* gradesProjectMickleTests */ = {
			isa = PBXNativeTarget;
			buildConfigurationList = 3795E6A12C9AFEFB00E1089A /* Build configuration list for PBXNativeTarget "gradesProjectMickleTests" */;
			buildPhases = (
				3795E6852C9AFEFB00E1089A /* Sources */,
				3795E6862C9AFEFB00E1089A /* Frameworks */,
				3795E6872C9AFEFB00E1089A /* Resources */,
			);
			buildRules = (
			);
			dependencies = (
				3795E68B2C9AFEFB00E1089A /* PBXTargetDependency */,
			);
			fileSystemSynchronizedGroups = (
				3795E68C2C9AFEFB00E1089A /* gradesProjectMickleTests */,
			);
			name = gradesProjectMickleTests;
			packageProductDependencies = (
			);
			productName = gradesProjectMickleTests;
			productReference = 3795E6892C9AFEFB00E1089A /* gradesProjectMickleTests.xctest */;
			productType = "com.apple.product-type.bundle.unit-test";
		};
		3795E6922C9AFEFB00E1089A /* gradesProjectMickleUITests */ = {
			isa = PBXNativeTarget;
			buildConfigurationList = 3795E6A42C9AFEFB00E1089A /* Build configuration list for PBXNativeTarget "gradesProjectMickleUITests" */;
			buildPhases = (
				3795E68F2C9AFEFB00E1089A /* Sources */,
				3795E6902C9AFEFB00E1089A /* Frameworks */,
				3795E6912C9AFEFB00E1089A /* Resources */,
			);
			buildRules = (
			);
			dependencies = (
				3795E6952C9AFEFB00E1089A /* PBXTargetDependency */,
			);
			fileSystemSynchronizedGroups = (
				3795E6962C9AFEFB00E1089A /* gradesProjectMickleUITests */,
			);
			name = gradesProjectMickleUITests;
			packageProductDependencies = (
			);
			productName = gradesProjectMickleUITests;
			productReference = 3795E6932C9AFEFB00E1089A /* gradesProjectMickleUITests.xctest */;
			productType = "com.apple.product-type.bundle.ui-testing";
		};
/* End PBXNativeTarget section */

/* Begin PBXProject section */
		3795E6682C9AFEF900E1089A /* Project object */ = {
			isa = PBXProject;
			attributes = {
				BuildIndependentTargetsInParallel = 1;
				LastSwiftUpdateCheck = 1600;
				LastUpgradeCheck = 1600;
				TargetAttributes = {
					3795E66F2C9AFEF900E1089A = {
						CreatedOnToolsVersion = 16.0;
					};
					3795E6882C9AFEFB00E1089A = {
						CreatedOnToolsVersion = 16.0;
						TestTargetID = 3795E66F2C9AFEF900E1089A;
					};
					3795E6922C9AFEFB00E1089A = {
						CreatedOnToolsVersion = 16.0;
						TestTargetID = 3795E66F2C9AFEF900E1089A;
					};
				};
			};
			buildConfigurationList = 3795E66B2C9AFEF900E1089A /* Build configuration list for PBXProject "gradesProjectMickle" */;
			developmentRegion = en;
			hasScannedForEncodings = 0;
			knownRegions = (
				en,
				Base,
			);
			mainGroup = 3795E6672C9AFEF900E1089A;
			minimizedProjectReferenceProxies = 1;
			preferredProjectObjectVersion = 77;
			productRefGroup = 3795E6712C9AFEF900E1089A /* Products */;
			projectDirPath = "";
			projectRoot = "";
			targets = (
				3795E66F2C9AFEF900E1089A /* gradesProjectMickle */,
				3795E6882C9AFEFB00E1089A /* gradesProjectMickleTests */,
				3795E6922C9AFEFB00E1089A /* gradesProjectMickleUITests */,
			);
		};
/* End PBXProject section */

/* Begin PBXResourcesBuildPhase section */
		3795E66E2C9AFEF900E1089A /* Resources */ = {
			isa = PBXResourcesBuildPhase;
			buildActionMask = 2147483647;
			files = (
			);
			runOnlyForDeploymentPostprocessing = 0;
		};
		3795E6872C9AFEFB00E1089A /* Resources */ = {
			isa = PBXResourcesBuildPhase;
			buildActionMask = 2147483647;
			files = (
			);
			runOnlyForDeploymentPostprocessing = 0;
		};
		3795E6912C9AFEFB00E1089A /* Resources */ = {
			isa = PBXResourcesBuildPhase;
			buildActionMask = 2147483647;
			files = (
			);
			runOnlyForDeploymentPostprocessing = 0;
		};
/* End PBXResourcesBuildPhase section */

/* Begin PBXSourcesBuildPhase section */
		3795E66C2C9AFEF900E1089A /* Sources */ = {
			isa = PBXSourcesBuildPhase;
			buildActionMask = 2147483647;
			files = (
			);
			runOnlyForDeploymentPostprocessing = 0;
		};
		3795E6852C9AFEFB00E1089A /* Sources */ = {
			isa = PBXSourcesBuildPhase;
			buildActionMask = 2147483647;
			files = (
			);
			runOnlyForDeploymentPostprocessing = 0;
		};
		3795E68F2C9AFEFB00E1089A /* Sources */ = {
			isa = PBXSourcesBuildPhase;
			buildActionMask = 2147483647;
			files = (
			);
			runOnlyForDeploymentPostprocessing = 0;
		};
/* End PBXSourcesBuildPhase section */

/* Begin PBXTargetDependency section */
		3795E68B2C9AFEFB00E1089A /* PBXTargetDependency */ = {
			isa = PBXTargetDependency;
			target = 3795E66F2C9AFEF900E1089A /* gradesProjectMickle */;
			targetProxy = 3795E68A2C9AFEFB00E1089A /* PBXContainerItemProxy */;
		};
		3795E6952C9AFEFB00E1089A /* PBXTargetDependency */ = {
			isa = PBXTargetDependency;
			target = 3795E66F2C9AFEF900E1089A /* gradesProjectMickle */;
			targetProxy = 3795E6942C9AFEFB00E1089A /* PBXContainerItemProxy */;
		};
/* End PBXTargetDependency section */

/* Begin XCBuildConfiguration section */
		3795E69D2C9AFEFB00E1089A /* Debug */ = {
			isa = XCBuildConfiguration;
			buildSettings = {
				ASSETCATALOG_COMPILER_APPICON_NAME = AppIcon;
				ASSETCATALOG_COMPILER_GLOBAL_ACCENT_COLOR_NAME = AccentColor;
				CODE_SIGN_STYLE = Automatic;
				CURRENT_PROJECT_VERSION = 1;
				DEVELOPMENT_TEAM = 36WQUCQK57;
				GENERATE_INFOPLIST_FILE = YES;
				INFOPLIST_FILE = gradesProjectMickle/Info.plist;
				INFOPLIST_KEY_UIApplicationSupportsIndirectInputEvents = YES;
				INFOPLIST_KEY_UILaunchStoryboardName = LaunchScreen;
				INFOPLIST_KEY_UIMainStoryboardFile = Main;
				INFOPLIST_KEY_UISupportedInterfaceOrientations_iPad = "UIInterfaceOrientationPortrait UIInterfaceOrientationPortraitUpsideDown UIInterfaceOrientationLandscapeLeft UIInterfaceOrientationLandscapeRight";
				INFOPLIST_KEY_UISupportedInterfaceOrientations_iPhone = "UIInterfaceOrientationPortrait UIInterfaceOrientationLandscapeLeft UIInterfaceOrientationLandscapeRight";
				LD_RUNPATH_SEARCH_PATHS = (
					"$(inherited)",
					"@executable_path/Frameworks",
				);
				MARKETING_VERSION = 1.0;
				PRODUCT_BUNDLE_IDENTIFIER = clc.gradesProjectMickle;
				PRODUCT_NAME = "$(TARGET_NAME)";
				SWIFT_EMIT_LOC_STRINGS = YES;
				SWIFT_VERSION = 5.0;
				TARGETED_DEVICE_FAMILY = "1,2";
			};
			name = Debug;
		};
		3795E69E2C9AFEFB00E1089A /* Release */ = {
			isa = XCBuildConfiguration;
			buildSettings = {
				ASSETCATALOG_COMPILER_APPICON_NAME = AppIcon;
				ASSETCATALOG_COMPILER_GLOBAL_ACCENT_COLOR_NAME = AccentColor;
				CODE_SIGN_STYLE = Automatic;
				CURRENT_PROJECT_VERSION = 1;
				DEVELOPMENT_TEAM = 36WQUCQK57;
				GENERATE_INFOPLIST_FILE = YES;
				INFOPLIST_FILE = gradesProjectMickle/Info.plist;
				INFOPLIST_KEY_UIApplicationSupportsIndirectInputEvents = YES;
				INFOPLIST_KEY_UILaunchStoryboardName = LaunchScreen;
				INFOPLIST_KEY_UIMainStoryboardFile = Main;
				INFOPLIST_KEY_UISupportedInterfaceOrientations_iPad = "UIInterfaceOrientationPortrait UIInterfaceOrientationPortraitUpsideDown UIInterfaceOrientationLandscapeLeft UIInterfaceOrientationLandscapeRight";
				INFOPLIST_KEY_UISupportedInterfaceOrientations_iPhone = "UIInterfaceOrientationPortrait UIInterfaceOrientationLandscapeLeft UIInterfaceOrientationLandscapeRight";
				LD_RUNPATH_SEARCH_PATHS = (
					"$(inherited)",
					"@executable_path/Frameworks",
				);
				MARKETING_VERSION = 1.0;
				PRODUCT_BUNDLE_IDENTIFIER = clc.gradesProjectMickle;
				PRODUCT_NAME = "$(TARGET_NAME)";
				SWIFT_EMIT_LOC_STRINGS = YES;
				SWIFT_VERSION = 5.0;
				TARGETED_DEVICE_FAMILY = "1,2";
			};
			name = Release;
		};
		3795E69F2C9AFEFB00E1089A /* Debug */ = {
			isa = XCBuildConfiguration;
			buildSettings = {
				ALWAYS_SEARCH_USER_PATHS = NO;
				ASSETCATALOG_COMPILER_GENERATE_SWIFT_ASSET_SYMBOL_EXTENSIONS = YES;
				CLANG_ANALYZER_NONNULL = YES;
				CLANG_ANALYZER_NUMBER_OBJECT_CONVERSION = YES_AGGRESSIVE;
				CLANG_CXX_LANGUAGE_STANDARD = "gnu++20";
				CLANG_ENABLE_MODULES = YES;
				CLANG_ENABLE_OBJC_ARC = YES;
				CLANG_ENABLE_OBJC_WEAK = YES;
				CLANG_WARN_BLOCK_CAPTURE_AUTORELEASING = YES;
				CLANG_WARN_BOOL_CONVERSION = YES;
				CLANG_WARN_COMMA = YES;
				CLANG_WARN_CONSTANT_CONVERSION = YES;
				CLANG_WARN_DEPRECATED_OBJC_IMPLEMENTATIONS = YES;
				CLANG_WARN_DIRECT_OBJC_ISA_USAGE = YES_ERROR;
				CLANG_WARN_DOCUMENTATION_COMMENTS = YES;
				CLANG_WARN_EMPTY_BODY = YES;
				CLANG_WARN_ENUM_CONVERSION = YES;
				CLANG_WARN_INFINITE_RECURSION = YES;
				CLANG_WARN_INT_CONVERSION = YES;
				CLANG_WARN_NON_LITERAL_NULL_CONVERSION = YES;
				CLANG_WARN_OBJC_IMPLICIT_RETAIN_SELF = YES;
				CLANG_WARN_OBJC_LITERAL_CONVERSION = YES;
				CLANG_WARN_OBJC_ROOT_CLASS = YES_ERROR;
				CLANG_WARN_QUOTED_INCLUDE_IN_FRAMEWORK_HEADER = YES;
				CLANG_WARN_RANGE_LOOP_ANALYSIS = YES;
				CLANG_WARN_STRICT_PROTOTYPES = YES;
				CLANG_WARN_SUSPICIOUS_MOVE = YES;
				CLANG_WARN_UNGUARDED_AVAILABILITY = YES_AGGRESSIVE;
				CLANG_WARN_UNREACHABLE_CODE = YES;
				CLANG_WARN__DUPLICATE_METHOD_MATCH = YES;
				COPY_PHASE_STRIP = NO;
				DEBUG_INFORMATION_FORMAT = dwarf;
				ENABLE_STRICT_OBJC_MSGSEND = YES;
				ENABLE_TESTABILITY = YES;
				ENABLE_USER_SCRIPT_SANDBOXING = YES;
				GCC_C_LANGUAGE_STANDARD = gnu17;
				GCC_DYNAMIC_NO_PIC = NO;
				GCC_NO_COMMON_BLOCKS = YES;
				GCC_OPTIMIZATION_LEVEL = 0;
				GCC_PREPROCESSOR_DEFINITIONS = (
					"DEBUG=1",
					"$(inherited)",
				);
				GCC_WARN_64_TO_32_BIT_CONVERSION = YES;
				GCC_WARN_ABOUT_RETURN_TYPE = YES_ERROR;
				GCC_WARN_UNDECLARED_SELECTOR = YES;
				GCC_WARN_UNINITIALIZED_AUTOS = YES_AGGRESSIVE;
				GCC_WARN_UNUSED_FUNCTION = YES;
				GCC_WARN_UNUSED_VARIABLE = YES;
				IPHONEOS_DEPLOYMENT_TARGET = 18.0;
				LOCALIZATION_PREFERS_STRING_CATALOGS = YES;
				MTL_ENABLE_DEBUG_INFO = INCLUDE_SOURCE;
				MTL_FAST_MATH = YES;
				ONLY_ACTIVE_ARCH = YES;
				SDKROOT = iphoneos;
				SWIFT_ACTIVE_COMPILATION_CONDITIONS = "DEBUG $(inherited)";
				SWIFT_OPTIMIZATION_LEVEL = "-Onone";
			};
			name = Debug;
		};
		3795E6A02C9AFEFB00E1089A /* Release */ = {
			isa = XCBuildConfiguration;
			buildSettings = {
				ALWAYS_SEARCH_USER_PATHS = NO;
				ASSETCATALOG_COMPILER_GENERATE_SWIFT_ASSET_SYMBOL_EXTENSIONS = YES;
				CLANG_ANALYZER_NONNULL = YES;
				CLANG_ANALYZER_NUMBER_OBJECT_CONVERSION = YES_AGGRESSIVE;
				CLANG_CXX_LANGUAGE_STANDARD = "gnu++20";
				CLANG_ENABLE_MODULES = YES;
				CLANG_ENABLE_OBJC_ARC = YES;
				CLANG_ENABLE_OBJC_WEAK = YES;
				CLANG_WARN_BLOCK_CAPTURE_AUTORELEASING = YES;
				CLANG_WARN_BOOL_CONVERSION = YES;
				CLANG_WARN_COMMA = YES;
				CLANG_WARN_CONSTANT_CONVERSION = YES;
				CLANG_WARN_DEPRECATED_OBJC_IMPLEMENTATIONS = YES;
				CLANG_WARN_DIRECT_OBJC_ISA_USAGE = YES_ERROR;
				CLANG_WARN_DOCUMENTATION_COMMENTS = YES;
				CLANG_WARN_EMPTY_BODY = YES;
				CLANG_WARN_ENUM_CONVERSION = YES;
				CLANG_WARN_INFINITE_RECURSION = YES;
				CLANG_WARN_INT_CONVERSION = YES;
				CLANG_WARN_NON_LITERAL_NULL_CONVERSION = YES;
				CLANG_WARN_OBJC_IMPLICIT_RETAIN_SELF = YES;
				CLANG_WARN_OBJC_LITERAL_CONVERSION = YES;
				CLANG_WARN_OBJC_ROOT_CLASS = YES_ERROR;
				CLANG_WARN_QUOTED_INCLUDE_IN_FRAMEWORK_HEADER = YES;
				CLANG_WARN_RANGE_LOOP_ANALYSIS = YES;
				CLANG_WARN_STRICT_PROTOTYPES = YES;
				CLANG_WARN_SUSPICIOUS_MOVE = YES;
				CLANG_WARN_UNGUARDED_AVAILABILITY = YES_AGGRESSIVE;
				CLANG_WARN_UNREACHABLE_CODE = YES;
				CLANG_WARN__DUPLICATE_METHOD_MATCH = YES;
				COPY_PHASE_STRIP = NO;
				DEBUG_INFORMATION_FORMAT = "dwarf-with-dsym";
				ENABLE_NS_ASSERTIONS = NO;
				ENABLE_STRICT_OBJC_MSGSEND = YES;
				ENABLE_USER_SCRIPT_SANDBOXING = YES;
				GCC_C_LANGUAGE_STANDARD = gnu17;
				GCC_NO_COMMON_BLOCKS = YES;
				GCC_WARN_64_TO_32_BIT_CONVERSION = YES;
				GCC_WARN_ABOUT_RETURN_TYPE = YES_ERROR;
				GCC_WARN_UNDECLARED_SELECTOR = YES;
				GCC_WARN_UNINITIALIZED_AUTOS = YES_AGGRESSIVE;
				GCC_WARN_UNUSED_FUNCTION = YES;
				GCC_WARN_UNUSED_VARIABLE = YES;
				IPHONEOS_DEPLOYMENT_TARGET = 18.0;
				LOCALIZATION_PREFERS_STRING_CATALOGS = YES;
				MTL_ENABLE_DEBUG_INFO = NO;
				MTL_FAST_MATH = YES;
				SDKROOT = iphoneos;
				SWIFT_COMPILATION_MODE = wholemodule;
				VALIDATE_PRODUCT = YES;
			};
			name = Release;
		};
		3795E6A22C9AFEFB00E1089A /* Debug */ = {
			isa = XCBuildConfiguration;
			buildSettings = {
				BUNDLE_LOADER = "$(TEST_HOST)";
				CODE_SIGN_STYLE = Automatic;
				CURRENT_PROJECT_VERSION = 1;
				DEVELOPMENT_TEAM = 36WQUCQK57;
				GENERATE_INFOPLIST_FILE = YES;
				IPHONEOS_DEPLOYMENT_TARGET = 18.0;
				MARKETING_VERSION = 1.0;
				PRODUCT_BUNDLE_IDENTIFIER = clc.gradesProjectMickleTests;
				PRODUCT_NAME = "$(TARGET_NAME)";
				SWIFT_EMIT_LOC_STRINGS = NO;
				SWIFT_VERSION = 5.0;
				TARGETED_DEVICE_FAMILY = "1,2";
				TEST_HOST = "$(BUILT_PRODUCTS_DIR)/gradesProjectMickle.app/$(BUNDLE_EXECUTABLE_FOLDER_PATH)/gradesProjectMickle";
			};
			name = Debug;
		};
		3795E6A32C9AFEFB00E1089A /* Release */ = {
			isa = XCBuildConfiguration;
			buildSettings = {
				BUNDLE_LOADER = "$(TEST_HOST)";
				CODE_SIGN_STYLE = Automatic;
				CURRENT_PROJECT_VERSION = 1;
				DEVELOPMENT_TEAM = 36WQUCQK57;
				GENERATE_INFOPLIST_FILE = YES;
				IPHONEOS_DEPLOYMENT_TARGET = 18.0;
				MARKETING_VERSION = 1.0;
				PRODUCT_BUNDLE_IDENTIFIER = clc.gradesProjectMickleTests;
				PRODUCT_NAME = "$(TARGET_NAME)";
				SWIFT_EMIT_LOC_STRINGS = NO;
				SWIFT_VERSION = 5.0;
				TARGETED_DEVICE_FAMILY = "1,2";
				TEST_HOST = "$(BUILT_PRODUCTS_DIR)/gradesProjectMickle.app/$(BUNDLE_EXECUTABLE_FOLDER_PATH)/gradesProjectMickle";
			};
			name = Release;
		};
		3795E6A52C9AFEFB00E1089A /* Debug */ = {
			isa = XCBuildConfiguration;
			buildSettings = {
				CODE_SIGN_STYLE = Automatic;
				CURRENT_PROJECT_VERSION = 1;
				DEVELOPMENT_TEAM = 36WQUCQK57;
				GENERATE_INFOPLIST_FILE = YES;
				MARKETING_VERSION = 1.0;
				PRODUCT_BUNDLE_IDENTIFIER = clc.gradesProjectMickleUITests;
				PRODUCT_NAME = "$(TARGET_NAME)";
				SWIFT_EMIT_LOC_STRINGS = NO;
				SWIFT_VERSION = 5.0;
				TARGETED_DEVICE_FAMILY = "1,2";
				TEST_TARGET_NAME = gradesProjectMickle;
			};
			name = Debug;
		};
		3795E6A62C9AFEFB00E1089A /* Release */ = {
			isa = XCBuildConfiguration;
			buildSettings = {
				CODE_SIGN_STYLE = Automatic;
				CURRENT_PROJECT_VERSION = 1;
				DEVELOPMENT_TEAM = 36WQUCQK57;
				GENERATE_INFOPLIST_FILE = YES;
				MARKETING_VERSION = 1.0;
				PRODUCT_BUNDLE_IDENTIFIER = clc.gradesProjectMickleUITests;
				PRODUCT_NAME = "$(TARGET_NAME)";
				SWIFT_EMIT_LOC_STRINGS = NO;
				SWIFT_VERSION = 5.0;
				TARGETED_DEVICE_FAMILY = "1,2";
				TEST_TARGET_NAME = gradesProjectMickle;
			};
			name = Release;
		};
/* End XCBuildConfiguration section */

/* Begin XCConfigurationList section */
		3795E66B2C9AFEF900E1089A /* Build configuration list for PBXProject "gradesProjectMickle" */ = {
			isa = XCConfigurationList;
			buildConfigurations = (
				3795E69F2C9AFEFB00E1089A /* Debug */,
				3795E6A02C9AFEFB00E1089A /* Release */,
			);
			defaultConfigurationIsVisible = 0;
			defaultConfigurationName = Release;
		};
		3795E69C2C9AFEFB00E1089A /* Build configuration list for PBXNativeTarget "gradesProjectMickle" */ = {
			isa = XCConfigurationList;
			buildConfigurations = (
				3795E69D2C9AFEFB00E1089A /* Debug */,
				3795E69E2C9AFEFB00E1089A /* Release */,
			);
			defaultConfigurationIsVisible = 0;
			defaultConfigurationName = Release;
		};
		3795E6A12C9AFEFB00E1089A /* Build configuration list for PBXNativeTarget "gradesProjectMickleTests" */ = {
			isa = XCConfigurationList;
			buildConfigurations = (
				3795E6A22C9AFEFB00E1089A /* Debug */,
				3795E6A32C9AFEFB00E1089A /* Release */,
			);
			defaultConfigurationIsVisible = 0;
			defaultConfigurationName = Release;
		};
		3795E6A42C9AFEFB00E1089A /* Build configuration list for PBXNativeTarget "gradesProjectMickleUITests" */ = {
			isa = XCConfigurationList;
			buildConfigurations = (
				3795E6A52C9AFEFB00E1089A /* Debug */,
				3795E6A62C9AFEFB00E1089A /* Release */,
			);
			defaultConfigurationIsVisible = 0;
			defaultConfigurationName = Release;
		};
/* End XCConfigurationList section */
	};
	rootObject = 3795E6682C9AFEF900E1089A /* Project object */;
}
